
Microsoft Visual Studio Solution File, Format Version 12.00
# Visual Studio 15
VisualStudioVersion = 15.0.27004.2009
MinimumVisualStudioVersion = 10.0.40219.1
Project("{FAE04EC0-301F-11D3-BF4B-00C04F79EFBC}") = "Meyer.Socrates", "Meyer.Socrates\Meyer.Socrates.csproj", "{53C00A88-0AB6-495E-B31F-542663DC429D}"
EndProject
Project("{FAE04EC0-301F-11D3-BF4B-00C04F79EFBC}") = "Meyer.Socrates.Test", "Meyer.Socrates.Test\Meyer.Socrates.Test.csproj", "{4794E1B0-D0A0-49D8-9E97-136FE2B467D1}"
EndProject
Global
	GlobalSection(SolutionConfigurationPlatforms) = preSolution
		Debug|Any CPU = Debug|Any CPU
		Release|Any CPU = Release|Any CPU
	EndGlobalSection
	GlobalSection(ProjectConfigurationPlatforms) = postSolution
		{53C00A88-0AB6-495E-B31F-542663DC429D}.Debug|Any CPU.ActiveCfg = Debug|Any CPU
		{53C00A88-0AB6-495E-B31F-542663DC429D}.Debug|Any CPU.Build.0 = Debug|Any CPU
		{53C00A88-0AB6-495E-B31F-542663DC429D}.Release|Any CPU.ActiveCfg = Release|Any CPU
		{53C00A88-0AB6-495E-B31F-542663DC429D}.Release|Any CPU.Build.0 = Release|Any CPU
		{4794E1B0-D0A0-49D8-9E97-136FE2B467D1}.Debug|Any CPU.ActiveCfg = Debug|Any CPU
		{4794E1B0-D0A0-49D8-9E97-136FE2B467D1}.Debug|Any CPU.Build.0 = Debug|Any CPU
		{4794E1B0-D0A0-49D8-9E97-136FE2B467D1}.Release|Any CPU.ActiveCfg = Release|Any CPU
		{4794E1B0-D0A0-49D8-9E97-136FE2B467D1}.Release|Any CPU.Build.0 = Release|Any CPU
	EndGlobalSection
	GlobalSection(SolutionProperties) = preSolution
		HideSolutionNode = FALSE
	EndGlobalSection
	GlobalSection(ExtensibilityGlobals) = postSolution
		SolutionGuid = {C2476D7A-26C9-4879-9B8F-724E79925E11}
	EndGlobalSection
EndGlobal
